# This file is automatically @generated by Cargo.
# It is not intended for manual editing.
version = 4

[[package]]
name = "use-ach"
version = "0.1.0"

[[package]]
name = "use-amount"
version = "0.1.0"

[[package]]
name = "use-bai2"
version = "0.1.0"
dependencies = [
 "use-amount",
 "use-transaction",
]

[[package]]
name = "use-bank-account"
version = "0.1.0"

[[package]]
name = "use-bic"
version = "0.1.0"

[[package]]
name = "use-currency"
version = "0.1.0"

[[package]]
name = "use-finance"
version = "0.1.0"
dependencies = [
 "use-ach",
 "use-amount",
 "use-bai2",
 "use-bank-account",
 "use-bic",
 "use-currency",
 "use-iban",
 "use-invoice",
 "use-ledger",
 "use-money",
 "use-payment",
 "use-receipt",
 "use-reconciliation",
 "use-routing-number",
 "use-transaction",
]

[[package]]
name = "use-iban"
version = "0.1.0"

[[package]]
name = "use-invoice"
version = "0.1.0"
dependencies = [
 "use-amount",
 "use-currency",
 "use-money",
]

[[package]]
name = "use-ledger"
version = "0.1.0"
dependencies = [
 "use-amount",
 "use-currency",
 "use-money",
]

[[package]]
name = "use-money"
version = "0.1.0"
dependencies = [
 "use-amount",
 "use-currency",
]

[[package]]
name = "use-payment"
version = "0.1.0"
dependencies = [
 "use-amount",
 "use-currency",
 "use-money",
]

[[package]]
name = "use-receipt"
version = "0.1.0"
dependencies = [
 "use-amount",
 "use-currency",
 "use-money",
]

[[package]]
name = "use-reconciliation"
version = "0.1.0"
dependencies = [
 "use-amount",
]

[[package]]
name = "use-routing-number"
version = "0.1.0"

[[package]]
name = "use-transaction"
version = "0.1.0"
dependencies = [
 "use-amount",
]
